
Microsoft Visual Studio Solution File, Format Version 12.00
# Visual Studio Version 17
VisualStudioVersion = 17.5.33414.496
MinimumVisualStudioVersion = 10.0.40219.1
Project("{FAE04EC0-301F-11D3-BF4B-00C04F79EFBC}") = "Clase11-22-2023", "Clase11-22-2023.csproj", "{0E3AC9E0-D9A9-4A45-B1F9-4897A3B20E72}"
EndProject
Global
	GlobalSection(SolutionConfigurationPlatforms) = preSolution
		Debug|Any CPU = Debug|Any CPU
		Release|Any CPU = Release|Any CPU
	EndGlobalSection
	GlobalSection(ProjectConfigurationPlatforms) = postSolution
		{0E3AC9E0-D9A9-4A45-B1F9-4897A3B20E72}.Debug|Any CPU.ActiveCfg = Debug|Any CPU
		{0E3AC9E0-D9A9-4A45-B1F9-4897A3B20E72}.Debug|Any CPU.Build.0 = Debug|Any CPU
		{0E3AC9E0-D9A9-4A45-B1F9-4897A3B20E72}.Release|Any CPU.ActiveCfg = Release|Any CPU
		{0E3AC9E0-D9A9-4A45-B1F9-4897A3B20E72}.Release|Any CPU.Build.0 = Release|Any CPU
	EndGlobalSection
	GlobalSection(SolutionProperties) = preSolution
		HideSolutionNode = FALSE
	EndGlobalSection
	GlobalSection(ExtensibilityGlobals) = postSolution
		SolutionGuid = {78D9CFD8-AE36-43AE-B341-2CC22457CBC5}
	EndGlobalSection
EndGlobal
