
Microsoft Visual Studio Solution File, Format Version 12.00
# Visual Studio Version 17
VisualStudioVersion = 17.5.33516.290
MinimumVisualStudioVersion = 10.0.40219.1
Project("{FAE04EC0-301F-11D3-BF4B-00C04F79EFBC}") = "BaseDeDatosClase13-05-2023", "BaseDeDatosClase13-05-2023.csproj", "{D7902299-9BED-4850-9760-560699E83875}"
EndProject
Global
	GlobalSection(SolutionConfigurationPlatforms) = preSolution
		Debug|Any CPU = Debug|Any CPU
		Release|Any CPU = Release|Any CPU
	EndGlobalSection
	GlobalSection(ProjectConfigurationPlatforms) = postSolution
		{D7902299-9BED-4850-9760-560699E83875}.Debug|Any CPU.ActiveCfg = Debug|Any CPU
		{D7902299-9BED-4850-9760-560699E83875}.Debug|Any CPU.Build.0 = Debug|Any CPU
		{D7902299-9BED-4850-9760-560699E83875}.Release|Any CPU.ActiveCfg = Release|Any CPU
		{D7902299-9BED-4850-9760-560699E83875}.Release|Any CPU.Build.0 = Release|Any CPU
	EndGlobalSection
	GlobalSection(SolutionProperties) = preSolution
		HideSolutionNode = FALSE
	EndGlobalSection
	GlobalSection(ExtensibilityGlobals) = postSolution
		SolutionGuid = {EA33D7BF-AE16-48A0-BF5C-AC7392949D05}
	EndGlobalSection
EndGlobal
